
Microsoft Visual Studio Solution File, Format Version 12.00
# Visual Studio Version 17
VisualStudioVersion = 17.12.35707.178
MinimumVisualStudioVersion = 10.0.40219.1
Project("{9A19103F-16F7-4668-BE54-9A1E7A4F7556}") = "Roskilde Dyreinternat Eksamen", "Roskilde Dyreinternat Eksamen\Roskilde Dyreinternat Eksamen.csproj", "{35F64203-9BF0-4F43-AA94-2B74DAF81D4C}"
	ProjectSection(ProjectDependencies) = postProject
		{A0C8FE1D-CF55-47D9-8C9E-83CA5227CD2C} = {A0C8FE1D-CF55-47D9-8C9E-83CA5227CD2C}
		{BABD6020-A52E-4FC6-8684-B8C006DD59D3} = {BABD6020-A52E-4FC6-8684-B8C006DD59D3}
	EndProjectSection
EndProject
Project("{9A19103F-16F7-4668-BE54-9A1E7A4F7556}") = "ClassLibrary Dyreinternat", "ClassLibrary Dyreinternat\ClassLibrary Dyreinternat.csproj", "{BABD6020-A52E-4FC6-8684-B8C006DD59D3}"
EndProject
Project("{9A19103F-16F7-4668-BE54-9A1E7A4F7556}") = "Razor Page Dyreinternat", "Razor Page Dyreinternat\Razor Page Dyreinternat.csproj", "{A0C8FE1D-CF55-47D9-8C9E-83CA5227CD2C}"
EndProject
Global
	GlobalSection(SolutionConfigurationPlatforms) = preSolution
		Debug|Any CPU = Debug|Any CPU
		Release|Any CPU = Release|Any CPU
	EndGlobalSection
	GlobalSection(ProjectConfigurationPlatforms) = postSolution
		{35F64203-9BF0-4F43-AA94-2B74DAF81D4C}.Debug|Any CPU.ActiveCfg = Debug|Any CPU
		{35F64203-9BF0-4F43-AA94-2B74DAF81D4C}.Debug|Any CPU.Build.0 = Debug|Any CPU
		{35F64203-9BF0-4F43-AA94-2B74DAF81D4C}.Release|Any CPU.ActiveCfg = Release|Any CPU
		{35F64203-9BF0-4F43-AA94-2B74DAF81D4C}.Release|Any CPU.Build.0 = Release|Any CPU
		{BABD6020-A52E-4FC6-8684-B8C006DD59D3}.Debug|Any CPU.ActiveCfg = Debug|Any CPU
		{BABD6020-A52E-4FC6-8684-B8C006DD59D3}.Debug|Any CPU.Build.0 = Debug|Any CPU
		{BABD6020-A52E-4FC6-8684-B8C006DD59D3}.Release|Any CPU.ActiveCfg = Release|Any CPU
		{BABD6020-A52E-4FC6-8684-B8C006DD59D3}.Release|Any CPU.Build.0 = Release|Any CPU
		{A0C8FE1D-CF55-47D9-8C9E-83CA5227CD2C}.Debug|Any CPU.ActiveCfg = Debug|Any CPU
		{A0C8FE1D-CF55-47D9-8C9E-83CA5227CD2C}.Debug|Any CPU.Build.0 = Debug|Any CPU
		{A0C8FE1D-CF55-47D9-8C9E-83CA5227CD2C}.Release|Any CPU.ActiveCfg = Release|Any CPU
		{A0C8FE1D-CF55-47D9-8C9E-83CA5227CD2C}.Release|Any CPU.Build.0 = Release|Any CPU
	EndGlobalSection
	GlobalSection(SolutionProperties) = preSolution
		HideSolutionNode = FALSE
	EndGlobalSection
	GlobalSection(ExtensibilityGlobals) = postSolution
		SolutionGuid = {75FD7641-3FF7-4EF9-AB1E-7DFFAB2252C4}
	EndGlobalSection
EndGlobal
