
Microsoft Visual Studio Solution File, Format Version 12.00
# Visual Studio Version 17
VisualStudioVersion = 17.12.35707.178 d17.12
MinimumVisualStudioVersion = 10.0.40219.1
Project("{FAE04EC0-301F-11D3-BF4B-00C04F79EFBC}") = "Roskilde Dyreinternat Eksamen", "Roskilde Dyreinternat Eksamen\Roskilde Dyreinternat Eksamen.csproj", "{35F64203-9BF0-4F43-AA94-2B74DAF81D4C}"
EndProject
Project("{FAE04EC0-301F-11D3-BF4B-00C04F79EFBC}") = "ClassLibrary Dyreinternat", "ClassLibrary Dyreinternat\ClassLibrary Dyreinternat.csproj", "{BABD6020-A52E-4FC6-8684-B8C006DD59D3}"
EndProject
Project("{FAE04EC0-301F-11D3-BF4B-00C04F79EFBC}") = "Razor Page Dyreinternat", "Razor Page Dyreinternat\Razor Page Dyreinternat.csproj", "{A0C8FE1D-CF55-47D9-8C9E-83CA5227CD2C}"
EndProject
Global
	GlobalSection(SolutionConfigurationPlatforms) = preSolution
		Debug|Any CPU = Debug|Any CPU
		Release|Any CPU = Release|Any CPU
	EndGlobalSection
	GlobalSection(ProjectConfigurationPlatforms) = postSolution
		{35F64203-9BF0-4F43-AA94-2B74DAF81D4C}.Debug|Any CPU.ActiveCfg = Debug|Any CPU
		{35F64203-9BF0-4F43-AA94-2B74DAF81D4C}.Debug|Any CPU.Build.0 = Debug|Any CPU
		{35F64203-9BF0-4F43-AA94-2B74DAF81D4C}.Release|Any CPU.ActiveCfg = Release|Any CPU
		{35F64203-9BF0-4F43-AA94-2B74DAF81D4C}.Release|Any CPU.Build.0 = Release|Any CPU
		{BABD6020-A52E-4FC6-8684-B8C006DD59D3}.Debug|Any CPU.ActiveCfg = Debug|Any CPU
		{BABD6020-A52E-4FC6-8684-B8C006DD59D3}.Debug|Any CPU.Build.0 = Debug|Any CPU
		{BABD6020-A52E-4FC6-8684-B8C006DD59D3}.Release|Any CPU.ActiveCfg = Release|Any CPU
		{BABD6020-A52E-4FC6-8684-B8C006DD59D3}.Release|Any CPU.Build.0 = Release|Any CPU
		{A0C8FE1D-CF55-47D9-8C9E-83CA5227CD2C}.Debug|Any CPU.ActiveCfg = Debug|Any CPU
		{A0C8FE1D-CF55-47D9-8C9E-83CA5227CD2C}.Debug|Any CPU.Build.0 = Debug|Any CPU
		{A0C8FE1D-CF55-47D9-8C9E-83CA5227CD2C}.Release|Any CPU.ActiveCfg = Release|Any CPU
		{A0C8FE1D-CF55-47D9-8C9E-83CA5227CD2C}.Release|Any CPU.Build.0 = Release|Any CPU
	EndGlobalSection
	GlobalSection(SolutionProperties) = preSolution
		HideSolutionNode = FALSE
	EndGlobalSection
EndGlobal
